
Microsoft Visual Studio Solution File, Format Version 12.00
# Visual Studio Version 16
VisualStudioVersion = 16.0.30309.148
MinimumVisualStudioVersion = 10.0.40219.1
Project("{8BC9CEB8-8B4A-11D0-8D11-00A0C91BC942}") = "NoShader", "NoShader.vcxproj", "{3EFC4CD4-0491-460D-BACC-A9E9A7D33446}"
EndProject
Global
	GlobalSection(SolutionConfigurationPlatforms) = preSolution
		Debug|x64 = Debug|x64
		Debug|x86 = Debug|x86
		Release|x64 = Release|x64
		Release|x86 = Release|x86
	EndGlobalSection
	GlobalSection(ProjectConfigurationPlatforms) = postSolution
		{3EFC4CD4-0491-460D-BACC-A9E9A7D33446}.Debug|x64.ActiveCfg = Debug|x64
		{3EFC4CD4-0491-460D-BACC-A9E9A7D33446}.Debug|x64.Build.0 = Debug|x64
		{3EFC4CD4-0491-460D-BACC-A9E9A7D33446}.Debug|x86.ActiveCfg = Debug|Win32
		{3EFC4CD4-0491-460D-BACC-A9E9A7D33446}.Debug|x86.Build.0 = Debug|Win32
		{3EFC4CD4-0491-460D-BACC-A9E9A7D33446}.Release|x64.ActiveCfg = Release|x64
		{3EFC4CD4-0491-460D-BACC-A9E9A7D33446}.Release|x64.Build.0 = Release|x64
		{3EFC4CD4-0491-460D-BACC-A9E9A7D33446}.Release|x86.ActiveCfg = Release|Win32
		{3EFC4CD4-0491-460D-BACC-A9E9A7D33446}.Release|x86.Build.0 = Release|Win32
	EndGlobalSection
	GlobalSection(SolutionProperties) = preSolution
		HideSolutionNode = FALSE
	EndGlobalSection
	GlobalSection(ExtensibilityGlobals) = postSolution
		SolutionGuid = {52186418-8FAB-4C1E-A4E7-E97E1C18F019}
	EndGlobalSection
EndGlobal
